{
  "object": {
    "pins": [
      {
        "package": "BricBrac",
        "repositoryURL": "https://github.com/glimpseio/BricBrac.git",
        "state": {
          "branch": "main",
          "revision": "23b21c014bad3aa49594dcdd0f5ad77c8de45ce3",
          "version": null
        }
      }
    ]
  },
  "version": 1
}
