{
  "object": {
    "pins": [
      {
        "package": "BricBrac",
        "repositoryURL": "https://github.com/glimpseio/BricBrac.git",
        "state": {
          "branch": "main",
          "revision": "26ba7c957a4ce1f428a7eb4fa8b1973db200f03f",
          "version": null
        }
      }
    ]
  },
  "version": 1
}
