{
  "object": {
    "pins": [
      {
        "package": "BricBrac",
        "repositoryURL": "https://github.com/glimpseio/BricBrac.git",
        "state": {
          "branch": "main",
          "revision": "dee5210357936e87a5a6f4971d97d9322b5dbb72",
          "version": null
        }
      }
    ]
  },
  "version": 1
}
