// !$*UTF8*$!
{
	archiveVersion = 1;
	classes = {
	};
	objectVersion = 46;
	objects = {

/* Begin PBXBuildFile section */
		OBJ_102 /* GGSpec.framework in Frameworks */ = {isa = PBXBuildFile; fileRef = "GGSpec::GGSpec::Product" /* GGSpec.framework */; };
		OBJ_79 /* GGSchema.swift in Sources */ = {isa = PBXBuildFile; fileRef = OBJ_9 /* GGSchema.swift */; };
		OBJ_99 /* GGSpecTests.swift in Sources */ = {isa = PBXBuildFile; fileRef = OBJ_12 /* GGSpecTests.swift */; };
/* End PBXBuildFile section */

/* Begin PBXContainerItemProxy section */
		49086C63260AED5F00DC5206 /* PBXContainerItemProxy */ = {
			isa = PBXContainerItemProxy;
			containerPortal = OBJ_1 /* Project object */;
			proxyType = 1;
			remoteGlobalIDString = "GGSpec::GGSpec";
			remoteInfo = GGSpec;
		};
		49086D43260AFAD700DC5206 /* PBXContainerItemProxy */ = {
			isa = PBXContainerItemProxy;
			containerPortal = 49086D3B260AFAD700DC5206 /* BricBrac.xcodeproj */;
			proxyType = 2;
			remoteGlobalIDString = 7E7F9B1C1B3615850058706A;
			remoteInfo = BricBrac;
		};
		49086D45260AFAD700DC5206 /* PBXContainerItemProxy */ = {
			isa = PBXContainerItemProxy;
			containerPortal = 49086D3B260AFAD700DC5206 /* BricBrac.xcodeproj */;
			proxyType = 2;
			remoteGlobalIDString = 7E7F9B261B3615860058706A;
			remoteInfo = BricBracTests;
		};
		49086D47260AFAD700DC5206 /* PBXContainerItemProxy */ = {
			isa = PBXContainerItemProxy;
			containerPortal = 49086D3B260AFAD700DC5206 /* BricBrac.xcodeproj */;
			proxyType = 2;
			remoteGlobalIDString = 7E28A5BC1B5AD5EE00A5F27F;
			remoteInfo = Curio;
		};
		49086D49260AFAD700DC5206 /* PBXContainerItemProxy */ = {
			isa = PBXContainerItemProxy;
			containerPortal = 49086D3B260AFAD700DC5206 /* BricBrac.xcodeproj */;
			proxyType = 2;
			remoteGlobalIDString = 7E28A5C51B5AD5EE00A5F27F;
			remoteInfo = CurioTests;
		};
		49086D4B260AFAD700DC5206 /* PBXContainerItemProxy */ = {
			isa = PBXContainerItemProxy;
			containerPortal = 49086D3B260AFAD700DC5206 /* BricBrac.xcodeproj */;
			proxyType = 2;
			remoteGlobalIDString = 7E8E745A1B9F31E8004EA61F;
			remoteInfo = CurioTool;
		};
		49086D4F260AFAE200DC5206 /* PBXContainerItemProxy */ = {
			isa = PBXContainerItemProxy;
			containerPortal = 49086D3B260AFAD700DC5206 /* BricBrac.xcodeproj */;
			proxyType = 1;
			remoteGlobalIDString = 7E28A5BB1B5AD5EE00A5F27F;
			remoteInfo = Curio;
		};
/* End PBXContainerItemProxy section */

/* Begin PBXFileReference section */
		49086D33260AFA5700DC5206 /* Curio.framework */ = {isa = PBXFileReference; explicitFileType = wrapper.framework; path = Curio.framework; sourceTree = BUILT_PRODUCTS_DIR; };
		49086D37260AFA9600DC5206 /* BricBrac.framework */ = {isa = PBXFileReference; explicitFileType = wrapper.framework; path = BricBrac.framework; sourceTree = BUILT_PRODUCTS_DIR; };
		49086D3B260AFAD700DC5206 /* BricBrac.xcodeproj */ = {isa = PBXFileReference; lastKnownFileType = "wrapper.pb-project"; name = BricBrac.xcodeproj; path = ../BricBrac/BricBrac.xcodeproj; sourceTree = "<group>"; };
		"GGSpec::GGSpec::Product" /* GGSpec.framework */ = {isa = PBXFileReference; lastKnownFileType = wrapper.framework; path = GGSpec.framework; sourceTree = BUILT_PRODUCTS_DIR; };
		"GGSpec::GGSpecTests::Product" /* GGSpecTests.xctest */ = {isa = PBXFileReference; lastKnownFileType = file; path = GGSpecTests.xctest; sourceTree = BUILT_PRODUCTS_DIR; };
		OBJ_12 /* GGSpecTests.swift */ = {isa = PBXFileReference; lastKnownFileType = sourcecode.swift; path = GGSpecTests.swift; sourceTree = "<group>"; };
		OBJ_16 /* Brac.swift */ = {isa = PBXFileReference; lastKnownFileType = sourcecode.swift; path = Brac.swift; sourceTree = "<group>"; };
		OBJ_17 /* Bric.swift */ = {isa = PBXFileReference; lastKnownFileType = sourcecode.swift; path = Bric.swift; sourceTree = "<group>"; };
		OBJ_18 /* BricBrac.swift */ = {isa = PBXFileReference; lastKnownFileType = sourcecode.swift; path = BricBrac.swift; sourceTree = "<group>"; };
		OBJ_19 /* BricEncoder.swift */ = {isa = PBXFileReference; lastKnownFileType = sourcecode.swift; path = BricEncoder.swift; sourceTree = "<group>"; };
		OBJ_20 /* BricIO+Foundation.swift */ = {isa = PBXFileReference; lastKnownFileType = sourcecode.swift; path = "BricIO+Foundation.swift"; sourceTree = "<group>"; };
		OBJ_21 /* BricIO.swift */ = {isa = PBXFileReference; lastKnownFileType = sourcecode.swift; path = BricIO.swift; sourceTree = "<group>"; };
		OBJ_22 /* BricPointer.swift */ = {isa = PBXFileReference; lastKnownFileType = sourcecode.swift; path = BricPointer.swift; sourceTree = "<group>"; };
		OBJ_23 /* Defaultables.swift */ = {isa = PBXFileReference; lastKnownFileType = sourcecode.swift; path = Defaultables.swift; sourceTree = "<group>"; };
		OBJ_24 /* JSONParser.swift */ = {isa = PBXFileReference; lastKnownFileType = sourcecode.swift; path = JSONParser.swift; sourceTree = "<group>"; };
		OBJ_25 /* JSONSchema.swift */ = {isa = PBXFileReference; lastKnownFileType = sourcecode.swift; path = JSONSchema.swift; sourceTree = "<group>"; };
		OBJ_26 /* Structures.swift */ = {isa = PBXFileReference; lastKnownFileType = sourcecode.swift; path = Structures.swift; sourceTree = "<group>"; };
		OBJ_28 /* Curio+Cocoa.swift */ = {isa = PBXFileReference; lastKnownFileType = sourcecode.swift; path = "Curio+Cocoa.swift"; sourceTree = "<group>"; };
		OBJ_29 /* Curio.swift */ = {isa = PBXFileReference; lastKnownFileType = sourcecode.swift; path = Curio.swift; sourceTree = "<group>"; };
		OBJ_30 /* Schema.swift */ = {isa = PBXFileReference; lastKnownFileType = sourcecode.swift; path = Schema.swift; sourceTree = "<group>"; };
		OBJ_31 /* SwiftCode.swift */ = {isa = PBXFileReference; lastKnownFileType = sourcecode.swift; path = SwiftCode.swift; sourceTree = "<group>"; };
		OBJ_32 /* Package.swift */ = {isa = PBXFileReference; explicitFileType = sourcecode.swift; name = Package.swift; path = /opt/src/glimpse/GIO/GGSpec/.build/checkouts/BricBrac/Package.swift; sourceTree = "<group>"; };
		OBJ_38 /* README.md */ = {isa = PBXFileReference; lastKnownFileType = net.daringfireball.markdown; path = README.md; sourceTree = "<group>"; };
		OBJ_6 /* Package.swift */ = {isa = PBXFileReference; explicitFileType = sourcecode.swift; path = Package.swift; sourceTree = "<group>"; };
		OBJ_9 /* GGSchema.swift */ = {isa = PBXFileReference; lastKnownFileType = sourcecode.swift; path = GGSchema.swift; sourceTree = "<group>"; };
/* End PBXFileReference section */

/* Begin PBXFrameworksBuildPhase section */
		OBJ_100 /* Frameworks */ = {
			isa = PBXFrameworksBuildPhase;
			buildActionMask = 0;
			files = (
				OBJ_102 /* GGSpec.framework in Frameworks */,
			);
			runOnlyForDeploymentPostprocessing = 0;
		};
		OBJ_80 /* Frameworks */ = {
			isa = PBXFrameworksBuildPhase;
			buildActionMask = 0;
			files = (
			);
			runOnlyForDeploymentPostprocessing = 0;
		};
/* End PBXFrameworksBuildPhase section */

/* Begin PBXGroup section */
		49086D32260AFA5700DC5206 /* Frameworks */ = {
			isa = PBXGroup;
			children = (
				49086D3B260AFAD700DC5206 /* BricBrac.xcodeproj */,
				49086D37260AFA9600DC5206 /* BricBrac.framework */,
				49086D33260AFA5700DC5206 /* Curio.framework */,
			);
			name = Frameworks;
			sourceTree = "<group>";
		};
		49086D3C260AFAD700DC5206 /* Products */ = {
			isa = PBXGroup;
			children = (
				49086D44260AFAD700DC5206 /* BricBrac.framework */,
				49086D46260AFAD700DC5206 /* BricBracTests.xctest */,
				49086D48260AFAD700DC5206 /* Curio.framework */,
				49086D4A260AFAD700DC5206 /* CurioTests.xctest */,
				49086D4C260AFAD700DC5206 /* curio */,
			);
			name = Products;
			sourceTree = "<group>";
		};
		OBJ_10 /* Tests */ = {
			isa = PBXGroup;
			children = (
				OBJ_11 /* GGSpecTests */,
			);
			name = Tests;
			sourceTree = SOURCE_ROOT;
		};
		OBJ_11 /* GGSpecTests */ = {
			isa = PBXGroup;
			children = (
				OBJ_12 /* GGSpecTests.swift */,
			);
			name = GGSpecTests;
			path = Tests/GGSpecTests;
			sourceTree = SOURCE_ROOT;
		};
		OBJ_13 /* Dependencies */ = {
			isa = PBXGroup;
			children = (
				OBJ_14 /* BricBrac */,
			);
			name = Dependencies;
			sourceTree = "<group>";
		};
		OBJ_14 /* BricBrac */ = {
			isa = PBXGroup;
			children = (
				OBJ_15 /* BricBrac */,
				OBJ_27 /* Curio */,
				OBJ_32 /* Package.swift */,
			);
			name = BricBrac;
			sourceTree = SOURCE_ROOT;
		};
		OBJ_15 /* BricBrac */ = {
			isa = PBXGroup;
			children = (
				OBJ_16 /* Brac.swift */,
				OBJ_17 /* Bric.swift */,
				OBJ_18 /* BricBrac.swift */,
				OBJ_19 /* BricEncoder.swift */,
				OBJ_20 /* BricIO+Foundation.swift */,
				OBJ_21 /* BricIO.swift */,
				OBJ_22 /* BricPointer.swift */,
				OBJ_23 /* Defaultables.swift */,
				OBJ_24 /* JSONParser.swift */,
				OBJ_25 /* JSONSchema.swift */,
				OBJ_26 /* Structures.swift */,
			);
			name = BricBrac;
			path = .build/checkouts/BricBrac/Sources/BricBrac;
			sourceTree = SOURCE_ROOT;
		};
		OBJ_27 /* Curio */ = {
			isa = PBXGroup;
			children = (
				OBJ_28 /* Curio+Cocoa.swift */,
				OBJ_29 /* Curio.swift */,
				OBJ_30 /* Schema.swift */,
				OBJ_31 /* SwiftCode.swift */,
			);
			name = Curio;
			path = .build/checkouts/BricBrac/Sources/Curio;
			sourceTree = SOURCE_ROOT;
		};
		OBJ_33 /* Products */ = {
			isa = PBXGroup;
			children = (
				"GGSpec::GGSpecTests::Product" /* GGSpecTests.xctest */,
				"GGSpec::GGSpec::Product" /* GGSpec.framework */,
			);
			name = Products;
			sourceTree = BUILT_PRODUCTS_DIR;
		};
		OBJ_5 /*  */ = {
			isa = PBXGroup;
			children = (
				OBJ_6 /* Package.swift */,
				OBJ_7 /* Sources */,
				OBJ_10 /* Tests */,
				OBJ_13 /* Dependencies */,
				OBJ_33 /* Products */,
				OBJ_38 /* README.md */,
				49086D32260AFA5700DC5206 /* Frameworks */,
			);
			name = "";
			sourceTree = "<group>";
		};
		OBJ_7 /* Sources */ = {
			isa = PBXGroup;
			children = (
				OBJ_8 /* GGSpec */,
			);
			name = Sources;
			sourceTree = SOURCE_ROOT;
		};
		OBJ_8 /* GGSpec */ = {
			isa = PBXGroup;
			children = (
				OBJ_9 /* GGSchema.swift */,
			);
			name = GGSpec;
			path = Sources/GGSpec;
			sourceTree = SOURCE_ROOT;
		};
/* End PBXGroup section */

/* Begin PBXNativeTarget section */
		"GGSpec::GGSpec" /* GGSpec */ = {
			isa = PBXNativeTarget;
			buildConfigurationList = OBJ_75 /* Build configuration list for PBXNativeTarget "GGSpec" */;
			buildPhases = (
				OBJ_78 /* Sources */,
				OBJ_80 /* Frameworks */,
			);
			buildRules = (
			);
			dependencies = (
			);
			name = GGSpec;
			productName = GGSpec;
			productReference = "GGSpec::GGSpec::Product" /* GGSpec.framework */;
			productType = "com.apple.product-type.framework";
		};
		"GGSpec::GGSpecTests" /* GGSpecTests */ = {
			isa = PBXNativeTarget;
			buildConfigurationList = OBJ_95 /* Build configuration list for PBXNativeTarget "GGSpecTests" */;
			buildPhases = (
				OBJ_98 /* Sources */,
				OBJ_100 /* Frameworks */,
			);
			buildRules = (
			);
			dependencies = (
				49086D50260AFAE200DC5206 /* PBXTargetDependency */,
				OBJ_105 /* PBXTargetDependency */,
			);
			name = GGSpecTests;
			productName = GGSpecTests;
			productReference = "GGSpec::GGSpecTests::Product" /* GGSpecTests.xctest */;
			productType = "com.apple.product-type.bundle.unit-test";
		};
/* End PBXNativeTarget section */

/* Begin PBXProject section */
		OBJ_1 /* Project object */ = {
			isa = PBXProject;
			attributes = {
				LastSwiftMigration = 9999;
				LastUpgradeCheck = 9999;
			};
			buildConfigurationList = OBJ_2 /* Build configuration list for PBXProject "GGSpec" */;
			compatibilityVersion = "Xcode 3.2";
			developmentRegion = en;
			hasScannedForEncodings = 0;
			knownRegions = (
				en,
			);
			mainGroup = OBJ_5 /*  */;
			productRefGroup = OBJ_33 /* Products */;
			projectDirPath = "";
			projectReferences = (
				{
					ProductGroup = 49086D3C260AFAD700DC5206 /* Products */;
					ProjectRef = 49086D3B260AFAD700DC5206 /* BricBrac.xcodeproj */;
				},
			);
			projectRoot = "";
			targets = (
				"GGSpec::GGSpec" /* GGSpec */,
				"GGSpec::GGSpecTests" /* GGSpecTests */,
			);
		};
/* End PBXProject section */

/* Begin PBXReferenceProxy section */
		49086D44260AFAD700DC5206 /* BricBrac.framework */ = {
			isa = PBXReferenceProxy;
			fileType = wrapper.framework;
			path = BricBrac.framework;
			remoteRef = 49086D43260AFAD700DC5206 /* PBXContainerItemProxy */;
			sourceTree = BUILT_PRODUCTS_DIR;
		};
		49086D46260AFAD700DC5206 /* BricBracTests.xctest */ = {
			isa = PBXReferenceProxy;
			fileType = wrapper.cfbundle;
			path = BricBracTests.xctest;
			remoteRef = 49086D45260AFAD700DC5206 /* PBXContainerItemProxy */;
			sourceTree = BUILT_PRODUCTS_DIR;
		};
		49086D48260AFAD700DC5206 /* Curio.framework */ = {
			isa = PBXReferenceProxy;
			fileType = wrapper.framework;
			path = Curio.framework;
			remoteRef = 49086D47260AFAD700DC5206 /* PBXContainerItemProxy */;
			sourceTree = BUILT_PRODUCTS_DIR;
		};
		49086D4A260AFAD700DC5206 /* CurioTests.xctest */ = {
			isa = PBXReferenceProxy;
			fileType = wrapper.cfbundle;
			path = CurioTests.xctest;
			remoteRef = 49086D49260AFAD700DC5206 /* PBXContainerItemProxy */;
			sourceTree = BUILT_PRODUCTS_DIR;
		};
		49086D4C260AFAD700DC5206 /* curio */ = {
			isa = PBXReferenceProxy;
			fileType = "compiled.mach-o.executable";
			path = curio;
			remoteRef = 49086D4B260AFAD700DC5206 /* PBXContainerItemProxy */;
			sourceTree = BUILT_PRODUCTS_DIR;
		};
/* End PBXReferenceProxy section */

/* Begin PBXSourcesBuildPhase section */
		OBJ_78 /* Sources */ = {
			isa = PBXSourcesBuildPhase;
			buildActionMask = 0;
			files = (
				OBJ_79 /* GGSchema.swift in Sources */,
			);
			runOnlyForDeploymentPostprocessing = 0;
		};
		OBJ_98 /* Sources */ = {
			isa = PBXSourcesBuildPhase;
			buildActionMask = 0;
			files = (
				OBJ_99 /* GGSpecTests.swift in Sources */,
			);
			runOnlyForDeploymentPostprocessing = 0;
		};
/* End PBXSourcesBuildPhase section */

/* Begin PBXTargetDependency section */
		49086D50260AFAE200DC5206 /* PBXTargetDependency */ = {
			isa = PBXTargetDependency;
			name = Curio;
			targetProxy = 49086D4F260AFAE200DC5206 /* PBXContainerItemProxy */;
		};
		OBJ_105 /* PBXTargetDependency */ = {
			isa = PBXTargetDependency;
			target = "GGSpec::GGSpec" /* GGSpec */;
			targetProxy = 49086C63260AED5F00DC5206 /* PBXContainerItemProxy */;
		};
/* End PBXTargetDependency section */

/* Begin XCBuildConfiguration section */
		OBJ_3 /* Debug */ = {
			isa = XCBuildConfiguration;
			buildSettings = {
				CLANG_ENABLE_OBJC_ARC = YES;
				COMBINE_HIDPI_IMAGES = YES;
				COPY_PHASE_STRIP = NO;
				DEBUG_INFORMATION_FORMAT = dwarf;
				DYLIB_INSTALL_NAME_BASE = "@rpath";
				ENABLE_NS_ASSERTIONS = YES;
				GCC_OPTIMIZATION_LEVEL = 0;
				GCC_PREPROCESSOR_DEFINITIONS = (
					"$(inherited)",
					"SWIFT_PACKAGE=1",
					"DEBUG=1",
				);
				MACOSX_DEPLOYMENT_TARGET = 10.10;
				ONLY_ACTIVE_ARCH = YES;
				OTHER_SWIFT_FLAGS = "$(inherited) -DXcode";
				PRODUCT_NAME = "$(TARGET_NAME)";
				SDKROOT = macosx;
				SUPPORTED_PLATFORMS = "macosx iphoneos iphonesimulator appletvos appletvsimulator watchos watchsimulator";
				SWIFT_ACTIVE_COMPILATION_CONDITIONS = "$(inherited) SWIFT_PACKAGE DEBUG";
				SWIFT_OPTIMIZATION_LEVEL = "-Onone";
				USE_HEADERMAP = NO;
			};
			name = Debug;
		};
		OBJ_4 /* Release */ = {
			isa = XCBuildConfiguration;
			buildSettings = {
				CLANG_ENABLE_OBJC_ARC = YES;
				COMBINE_HIDPI_IMAGES = YES;
				COPY_PHASE_STRIP = YES;
				DEBUG_INFORMATION_FORMAT = "dwarf-with-dsym";
				DYLIB_INSTALL_NAME_BASE = "@rpath";
				GCC_OPTIMIZATION_LEVEL = s;
				GCC_PREPROCESSOR_DEFINITIONS = (
					"$(inherited)",
					"SWIFT_PACKAGE=1",
				);
				MACOSX_DEPLOYMENT_TARGET = 10.10;
				OTHER_SWIFT_FLAGS = "$(inherited) -DXcode";
				PRODUCT_NAME = "$(TARGET_NAME)";
				SDKROOT = macosx;
				SUPPORTED_PLATFORMS = "macosx iphoneos iphonesimulator appletvos appletvsimulator watchos watchsimulator";
				SWIFT_ACTIVE_COMPILATION_CONDITIONS = "$(inherited) SWIFT_PACKAGE";
				SWIFT_OPTIMIZATION_LEVEL = "-Owholemodule";
				USE_HEADERMAP = NO;
			};
			name = Release;
		};
		OBJ_76 /* Debug */ = {
			isa = XCBuildConfiguration;
			buildSettings = {
				ENABLE_TESTABILITY = YES;
				FRAMEWORK_SEARCH_PATHS = (
					"$(inherited)",
					"$(PLATFORM_DIR)/Developer/Library/Frameworks",
				);
				HEADER_SEARCH_PATHS = "$(inherited)";
				INFOPLIST_FILE = GGSpec.xcodeproj/GGSpec_Info.plist;
				IPHONEOS_DEPLOYMENT_TARGET = 9.0;
				LD_RUNPATH_SEARCH_PATHS = "$(inherited) $(TOOLCHAIN_DIR)/usr/lib/swift/macosx";
				MACOSX_DEPLOYMENT_TARGET = 10.10;
				OTHER_CFLAGS = "$(inherited)";
				OTHER_LDFLAGS = "$(inherited)";
				OTHER_SWIFT_FLAGS = "$(inherited)";
				PRODUCT_BUNDLE_IDENTIFIER = GGSpec;
				PRODUCT_MODULE_NAME = "$(TARGET_NAME:c99extidentifier)";
				PRODUCT_NAME = "$(TARGET_NAME:c99extidentifier)";
				SKIP_INSTALL = YES;
				SWIFT_ACTIVE_COMPILATION_CONDITIONS = "$(inherited)";
				SWIFT_VERSION = 5.0;
				TARGET_NAME = GGSpec;
				TVOS_DEPLOYMENT_TARGET = 9.0;
				WATCHOS_DEPLOYMENT_TARGET = 2.0;
			};
			name = Debug;
		};
		OBJ_77 /* Release */ = {
			isa = XCBuildConfiguration;
			buildSettings = {
				ENABLE_TESTABILITY = YES;
				FRAMEWORK_SEARCH_PATHS = (
					"$(inherited)",
					"$(PLATFORM_DIR)/Developer/Library/Frameworks",
				);
				HEADER_SEARCH_PATHS = "$(inherited)";
				INFOPLIST_FILE = GGSpec.xcodeproj/GGSpec_Info.plist;
				IPHONEOS_DEPLOYMENT_TARGET = 9.0;
				LD_RUNPATH_SEARCH_PATHS = "$(inherited) $(TOOLCHAIN_DIR)/usr/lib/swift/macosx";
				MACOSX_DEPLOYMENT_TARGET = 10.10;
				OTHER_CFLAGS = "$(inherited)";
				OTHER_LDFLAGS = "$(inherited)";
				OTHER_SWIFT_FLAGS = "$(inherited)";
				PRODUCT_BUNDLE_IDENTIFIER = GGSpec;
				PRODUCT_MODULE_NAME = "$(TARGET_NAME:c99extidentifier)";
				PRODUCT_NAME = "$(TARGET_NAME:c99extidentifier)";
				SKIP_INSTALL = YES;
				SWIFT_ACTIVE_COMPILATION_CONDITIONS = "$(inherited)";
				SWIFT_VERSION = 5.0;
				TARGET_NAME = GGSpec;
				TVOS_DEPLOYMENT_TARGET = 9.0;
				WATCHOS_DEPLOYMENT_TARGET = 2.0;
			};
			name = Release;
		};
		OBJ_96 /* Debug */ = {
			isa = XCBuildConfiguration;
			buildSettings = {
				CLANG_ENABLE_MODULES = YES;
				EMBEDDED_CONTENT_CONTAINS_SWIFT = YES;
				FRAMEWORK_SEARCH_PATHS = (
					"$(inherited)",
					"$(PLATFORM_DIR)/Developer/Library/Frameworks",
				);
				HEADER_SEARCH_PATHS = "$(inherited)";
				INFOPLIST_FILE = GGSpec.xcodeproj/GGSpecTests_Info.plist;
				IPHONEOS_DEPLOYMENT_TARGET = 14.0;
				LD_RUNPATH_SEARCH_PATHS = "$(inherited) @loader_path/../Frameworks @loader_path/Frameworks";
				MACOSX_DEPLOYMENT_TARGET = 10.15;
				OTHER_CFLAGS = "$(inherited)";
				OTHER_LDFLAGS = "$(inherited)";
				OTHER_SWIFT_FLAGS = "$(inherited)";
				SWIFT_ACTIVE_COMPILATION_CONDITIONS = "$(inherited)";
				SWIFT_VERSION = 5.0;
				TARGET_NAME = GGSpecTests;
				TVOS_DEPLOYMENT_TARGET = 9.0;
				WATCHOS_DEPLOYMENT_TARGET = 2.0;
			};
			name = Debug;
		};
		OBJ_97 /* Release */ = {
			isa = XCBuildConfiguration;
			buildSettings = {
				CLANG_ENABLE_MODULES = YES;
				EMBEDDED_CONTENT_CONTAINS_SWIFT = YES;
				FRAMEWORK_SEARCH_PATHS = (
					"$(inherited)",
					"$(PLATFORM_DIR)/Developer/Library/Frameworks",
				);
				HEADER_SEARCH_PATHS = "$(inherited)";
				INFOPLIST_FILE = GGSpec.xcodeproj/GGSpecTests_Info.plist;
				IPHONEOS_DEPLOYMENT_TARGET = 14.0;
				LD_RUNPATH_SEARCH_PATHS = "$(inherited) @loader_path/../Frameworks @loader_path/Frameworks";
				MACOSX_DEPLOYMENT_TARGET = 10.15;
				OTHER_CFLAGS = "$(inherited)";
				OTHER_LDFLAGS = "$(inherited)";
				OTHER_SWIFT_FLAGS = "$(inherited)";
				SWIFT_ACTIVE_COMPILATION_CONDITIONS = "$(inherited)";
				SWIFT_VERSION = 5.0;
				TARGET_NAME = GGSpecTests;
				TVOS_DEPLOYMENT_TARGET = 9.0;
				WATCHOS_DEPLOYMENT_TARGET = 2.0;
			};
			name = Release;
		};
/* End XCBuildConfiguration section */

/* Begin XCConfigurationList section */
		OBJ_2 /* Build configuration list for PBXProject "GGSpec" */ = {
			isa = XCConfigurationList;
			buildConfigurations = (
				OBJ_3 /* Debug */,
				OBJ_4 /* Release */,
			);
			defaultConfigurationIsVisible = 0;
			defaultConfigurationName = Release;
		};
		OBJ_75 /* Build configuration list for PBXNativeTarget "GGSpec" */ = {
			isa = XCConfigurationList;
			buildConfigurations = (
				OBJ_76 /* Debug */,
				OBJ_77 /* Release */,
			);
			defaultConfigurationIsVisible = 0;
			defaultConfigurationName = Release;
		};
		OBJ_95 /* Build configuration list for PBXNativeTarget "GGSpecTests" */ = {
			isa = XCConfigurationList;
			buildConfigurations = (
				OBJ_96 /* Debug */,
				OBJ_97 /* Release */,
			);
			defaultConfigurationIsVisible = 0;
			defaultConfigurationName = Release;
		};
/* End XCConfigurationList section */
	};
	rootObject = OBJ_1 /* Project object */;
}
